
Microsoft Visual Studio Solution File, Format Version 12.00
# Visual Studio Version 17
VisualStudioVersion = 17.0.31717.71
MinimumVisualStudioVersion = 10.0.40219.1
Project("{9A19103F-16F7-4668-BE54-9A1E7A4F7556}") = "EmployeeBlazor", "EmployeeBlazor\EmployeeBlazor.csproj", "{81A3639D-CFA0-415E-8E19-DB04228D9D48}"
EndProject
Project("{9A19103F-16F7-4668-BE54-9A1E7A4F7556}") = "EmployeeBlazor.Entity", "EmployeeBlazor.Entity\EmployeeBlazor.Entity.csproj", "{DCDD06FB-C018-44FC-8D97-F135CED3DE0B}"
EndProject
Project("{9A19103F-16F7-4668-BE54-9A1E7A4F7556}") = "EmployeeBlazor.ComponentsLibrary", "EmployeeBlazor.ComponentsLibrary\EmployeeBlazor.ComponentsLibrary.csproj", "{906C7D5B-BB53-4018-AFC2-9088E40EBE9E}"
EndProject
Project("{9A19103F-16F7-4668-BE54-9A1E7A4F7556}") = "EmployeeBlazor.Api", "EmployeeBlazor.Api\EmployeeBlazor.Api.csproj", "{DAA3461A-D9D4-4EEE-BFB9-36B2BEE80634}"
EndProject
Global
	GlobalSection(SolutionConfigurationPlatforms) = preSolution
		Debug|Any CPU = Debug|Any CPU
		Release|Any CPU = Release|Any CPU
	EndGlobalSection
	GlobalSection(ProjectConfigurationPlatforms) = postSolution
		{81A3639D-CFA0-415E-8E19-DB04228D9D48}.Debug|Any CPU.ActiveCfg = Debug|Any CPU
		{81A3639D-CFA0-415E-8E19-DB04228D9D48}.Debug|Any CPU.Build.0 = Debug|Any CPU
		{81A3639D-CFA0-415E-8E19-DB04228D9D48}.Release|Any CPU.ActiveCfg = Release|Any CPU
		{81A3639D-CFA0-415E-8E19-DB04228D9D48}.Release|Any CPU.Build.0 = Release|Any CPU
		{DCDD06FB-C018-44FC-8D97-F135CED3DE0B}.Debug|Any CPU.ActiveCfg = Debug|Any CPU
		{DCDD06FB-C018-44FC-8D97-F135CED3DE0B}.Debug|Any CPU.Build.0 = Debug|Any CPU
		{DCDD06FB-C018-44FC-8D97-F135CED3DE0B}.Release|Any CPU.ActiveCfg = Release|Any CPU
		{DCDD06FB-C018-44FC-8D97-F135CED3DE0B}.Release|Any CPU.Build.0 = Release|Any CPU
		{906C7D5B-BB53-4018-AFC2-9088E40EBE9E}.Debug|Any CPU.ActiveCfg = Debug|Any CPU
		{906C7D5B-BB53-4018-AFC2-9088E40EBE9E}.Debug|Any CPU.Build.0 = Debug|Any CPU
		{906C7D5B-BB53-4018-AFC2-9088E40EBE9E}.Release|Any CPU.ActiveCfg = Release|Any CPU
		{906C7D5B-BB53-4018-AFC2-9088E40EBE9E}.Release|Any CPU.Build.0 = Release|Any CPU
		{DAA3461A-D9D4-4EEE-BFB9-36B2BEE80634}.Debug|Any CPU.ActiveCfg = Debug|Any CPU
		{DAA3461A-D9D4-4EEE-BFB9-36B2BEE80634}.Debug|Any CPU.Build.0 = Debug|Any CPU
		{DAA3461A-D9D4-4EEE-BFB9-36B2BEE80634}.Release|Any CPU.ActiveCfg = Release|Any CPU
		{DAA3461A-D9D4-4EEE-BFB9-36B2BEE80634}.Release|Any CPU.Build.0 = Release|Any CPU
	EndGlobalSection
	GlobalSection(SolutionProperties) = preSolution
		HideSolutionNode = FALSE
	EndGlobalSection
	GlobalSection(ExtensibilityGlobals) = postSolution
		SolutionGuid = {3B2E7834-FE70-4F62-B201-FD48403C0E9C}
	EndGlobalSection
EndGlobal
